Microsoft Visual Studio Solution File, Format Version 11.00
# Visual Studio 2008

Project("{B2AF7265-7C82-876A-E21A-AC841FBE7B67}") = "SampleProject", "Assembly-CSharp-Editor.csproj", "{6BC1E4FE-C3B8-FCCD-C800-33BA8F110A14}"
EndProject
Global
	GlobalSection(SolutionConfigurationPlatforms) = preSolution
		Debug|Any CPU = Debug|Any CPU
		Release|Any CPU = Release|Any CPU
	EndGlobalSection
	GlobalSection(ProjectConfigurationPlatforms) = postSolution
		{6BC1E4FE-C3B8-FCCD-C800-33BA8F110A14}.Debug|Any CPU.ActiveCfg = Debug|Any CPU
		{6BC1E4FE-C3B8-FCCD-C800-33BA8F110A14}.Debug|Any CPU.Build.0 = Debug|Any CPU
		{6BC1E4FE-C3B8-FCCD-C800-33BA8F110A14}.Release|Any CPU.ActiveCfg = Release|Any CPU
		{6BC1E4FE-C3B8-FCCD-C800-33BA8F110A14}.Release|Any CPU.Build.0 = Release|Any CPU
	EndGlobalSection
	GlobalSection(SolutionProperties) = preSolution
		HideSolutionNode = FALSE
	EndGlobalSection
	GlobalSection(MonoDevelopProperties) = preSolution
		Policies = $0
		$0.TextStylePolicy = $1
		$1.FileWidth = 120
		$1.inheritsSet = VisualStudio
		$1.inheritsScope = text/plain
		$1.scope = text/x-csharp
		$0.CSharpFormattingPolicy = $2
		$2.AfterDelegateDeclarationParameterComma = True
		$2.inheritsSet = Mono
		$2.inheritsScope = text/x-csharp
		$2.scope = text/x-csharp
	EndGlobalSection
EndGlobal
